// !$*UTF8*$!
{
	archiveVersion = 1;
	classes = {
	};
	objectVersion = 48;
	objects = {

/* Begin PBXBuildFile section */
		D35C02B41F8EAD3700ACDA11 /* AppDelegate.swift in Sources */ = {isa = PBXBuildFile; fileRef = D35C02B31F8EAD3700ACDA11 /* AppDelegate.swift */; };
		D35C02B91F8EAD3700ACDA11 /* Main.storyboard in Resources */ = {isa = PBXBuildFile; fileRef = D35C02B71F8EAD3700ACDA11 /* Main.storyboard */; };
		D35C02BB1F8EAD3700ACDA11 /* Assets.xcassets in Resources */ = {isa = PBXBuildFile; fileRef = D35C02BA1F8EAD3700ACDA11 /* Assets.xcassets */; };
		D35C02BE1F8EAD3700ACDA11 /* LaunchScreen.storyboard in Resources */ = {isa = PBXBuildFile; fileRef = D35C02BC1F8EAD3700ACDA11 /* LaunchScreen.storyboard */; };
		D35C02C81F8EB12500ACDA11 /* Keys.swift in Sources */ = {isa = PBXBuildFile; fileRef = D35C02C71F8EB12500ACDA11 /* Keys.swift */; };
		D35C02CA1F8EB13900ACDA11 /* Contact.swift in Sources */ = {isa = PBXBuildFile; fileRef = D35C02C91F8EB13900ACDA11 /* Contact.swift */; };
		D35C02D91F8EC5C600ACDA11 /* ContactController.swift in Sources */ = {isa = PBXBuildFile; fileRef = D35C02D81F8EC5C600ACDA11 /* ContactController.swift */; };
		D35C02DB1F8EC64100ACDA11 /* CloudKitManager.swift in Sources */ = {isa = PBXBuildFile; fileRef = D35C02DA1F8EC64100ACDA11 /* CloudKitManager.swift */; };
		D35C03081F9005B700ACDA11 /* ContactsViewController.swift in Sources */ = {isa = PBXBuildFile; fileRef = D35C03071F9005B700ACDA11 /* ContactsViewController.swift */; };
		D35C030A1F9005D100ACDA11 /* ContactsTableViewController.swift in Sources */ = {isa = PBXBuildFile; fileRef = D35C03091F9005D100ACDA11 /* ContactsTableViewController.swift */; };
		D35C030D1F9010C900ACDA11 /* CloudKit.framework in Frameworks */ = {isa = PBXBuildFile; fileRef = D35C030C1F9010C900ACDA11 /* CloudKit.framework */; };
/* End PBXBuildFile section */

/* Begin PBXFileReference section */
		D35C02B01F8EAD3700ACDA11 /* unit 4 review.app */ = {isa = PBXFileReference; explicitFileType = wrapper.application; includeInIndex = 0; path = "unit 4 review.app"; sourceTree = BUILT_PRODUCTS_DIR; };
		D35C02B31F8EAD3700ACDA11 /* AppDelegate.swift */ = {isa = PBXFileReference; lastKnownFileType = sourcecode.swift; path = AppDelegate.swift; sourceTree = "<group>"; };
		D35C02B81F8EAD3700ACDA11 /* Base */ = {isa = PBXFileReference; lastKnownFileType = file.storyboard; name = Base; path = Base.lproj/Main.storyboard; sourceTree = "<group>"; };
		D35C02BA1F8EAD3700ACDA11 /* Assets.xcassets */ = {isa = PBXFileReference; lastKnownFileType = folder.assetcatalog; path = Assets.xcassets; sourceTree = "<group>"; };
		D35C02BD1F8EAD3700ACDA11 /* Base */ = {isa = PBXFileReference; lastKnownFileType = file.storyboard; name = Base; path = Base.lproj/LaunchScreen.storyboard; sourceTree = "<group>"; };
		D35C02BF1F8EAD3700ACDA11 /* Info.plist */ = {isa = PBXFileReference; lastKnownFileType = text.plist.xml; path = Info.plist; sourceTree = "<group>"; };
		D35C02C71F8EB12500ACDA11 /* Keys.swift */ = {isa = PBXFileReference; lastKnownFileType = sourcecode.swift; path = Keys.swift; sourceTree = "<group>"; };
		D35C02C91F8EB13900ACDA11 /* Contact.swift */ = {isa = PBXFileReference; lastKnownFileType = sourcecode.swift; path = Contact.swift; sourceTree = "<group>"; };
		D35C02CF1F8EB1BE00ACDA11 /* unit 4 review.entitlements */ = {isa = PBXFileReference; lastKnownFileType = text.plist.entitlements; path = "unit 4 review.entitlements"; sourceTree = "<group>"; };
		D35C02D81F8EC5C600ACDA11 /* ContactController.swift */ = {isa = PBXFileReference; lastKnownFileType = sourcecode.swift; path = ContactController.swift; sourceTree = "<group>"; };
		D35C02DA1F8EC64100ACDA11 /* CloudKitManager.swift */ = {isa = PBXFileReference; lastKnownFileType = sourcecode.swift; path = CloudKitManager.swift; sourceTree = "<group>"; };
		D35C03071F9005B700ACDA11 /* ContactsViewController.swift */ = {isa = PBXFileReference; lastKnownFileType = sourcecode.swift; path = ContactsViewController.swift; sourceTree = "<group>"; };
		D35C03091F9005D100ACDA11 /* ContactsTableViewController.swift */ = {isa = PBXFileReference; lastKnownFileType = sourcecode.swift; path = ContactsTableViewController.swift; sourceTree = "<group>"; };
		D35C030C1F9010C900ACDA11 /* CloudKit.framework */ = {isa = PBXFileReference; lastKnownFileType = wrapper.framework; name = CloudKit.framework; path = System/Library/Frameworks/CloudKit.framework; sourceTree = SDKROOT; };
/* End PBXFileReference section */

/* Begin PBXFrameworksBuildPhase section */
		D35C02AD1F8EAD3700ACDA11 /* Frameworks */ = {
			isa = PBXFrameworksBuildPhase;
			buildActionMask = 2147483647;
			files = (
				D35C030D1F9010C900ACDA11 /* CloudKit.framework in Frameworks */,
			);
			runOnlyForDeploymentPostprocessing = 0;
		};
/* End PBXFrameworksBuildPhase section */

/* Begin PBXGroup section */
		D35C02A71F8EAD3700ACDA11 = {
			isa = PBXGroup;
			children = (
				D35C02B21F8EAD3700ACDA11 /* unit 4 review */,
				D35C02B11F8EAD3700ACDA11 /* Products */,
				D35C030B1F9010C900ACDA11 /* Frameworks */,
			);
			sourceTree = "<group>";
		};
		D35C02B11F8EAD3700ACDA11 /* Products */ = {
			isa = PBXGroup;
			children = (
				D35C02B01F8EAD3700ACDA11 /* unit 4 review.app */,
			);
			name = Products;
			sourceTree = "<group>";
		};
		D35C02B21F8EAD3700ACDA11 /* unit 4 review */ = {
			isa = PBXGroup;
			children = (
				D35C02CF1F8EB1BE00ACDA11 /* unit 4 review.entitlements */,
				D35C02CE1F8EB19900ACDA11 /* UI */,
				D35C02CD1F8EB18400ACDA11 /* viewController */,
				D35C02CC1F8EB17400ACDA11 /* CloudKit */,
				D35C02CB1F8EB15D00ACDA11 /* ModelControllers */,
				D35C02C51F8EB02A00ACDA11 /* Models */,
				D35C02C61F8EB10C00ACDA11 /* Keys */,
				D35C02B31F8EAD3700ACDA11 /* AppDelegate.swift */,
				D35C02BA1F8EAD3700ACDA11 /* Assets.xcassets */,
				D35C02BF1F8EAD3700ACDA11 /* Info.plist */,
			);
			path = "unit 4 review";
			sourceTree = "<group>";
		};
		D35C02C51F8EB02A00ACDA11 /* Models */ = {
			isa = PBXGroup;
			children = (
				D35C02C91F8EB13900ACDA11 /* Contact.swift */,
			);
			path = Models;
			sourceTree = "<group>";
		};
		D35C02C61F8EB10C00ACDA11 /* Keys */ = {
			isa = PBXGroup;
			children = (
				D35C02C71F8EB12500ACDA11 /* Keys.swift */,
			);
			path = Keys;
			sourceTree = "<group>";
		};
		D35C02CB1F8EB15D00ACDA11 /* ModelControllers */ = {
			isa = PBXGroup;
			children = (
				D35C02D81F8EC5C600ACDA11 /* ContactController.swift */,
			);
			path = ModelControllers;
			sourceTree = "<group>";
		};
		D35C02CC1F8EB17400ACDA11 /* CloudKit */ = {
			isa = PBXGroup;
			children = (
				D35C02DA1F8EC64100ACDA11 /* CloudKitManager.swift */,
			);
			path = CloudKit;
			sourceTree = "<group>";
		};
		D35C02CD1F8EB18400ACDA11 /* viewController */ = {
			isa = PBXGroup;
			children = (
				D35C03091F9005D100ACDA11 /* ContactsTableViewController.swift */,
				D35C03071F9005B700ACDA11 /* ContactsViewController.swift */,
			);
			path = viewController;
			sourceTree = "<group>";
		};
		D35C02CE1F8EB19900ACDA11 /* UI */ = {
			isa = PBXGroup;
			children = (
				D35C02B71F8EAD3700ACDA11 /* Main.storyboard */,
				D35C02BC1F8EAD3700ACDA11 /* LaunchScreen.storyboard */,
			);
			path = UI;
			sourceTree = "<group>";
		};
		D35C030B1F9010C900ACDA11 /* Frameworks */ = {
			isa = PBXGroup;
			children = (
				D35C030C1F9010C900ACDA11 /* CloudKit.framework */,
			);
			name = Frameworks;
			sourceTree = "<group>";
		};
/* End PBXGroup section */

/* Begin PBXNativeTarget section */
		D35C02AF1F8EAD3700ACDA11 /* unit 4 review */ = {
			isa = PBXNativeTarget;
			buildConfigurationList = D35C02C21F8EAD3700ACDA11 /* Build configuration list for PBXNativeTarget "unit 4 review" */;
			buildPhases = (
				D35C02AC1F8EAD3700ACDA11 /* Sources */,
				D35C02AD1F8EAD3700ACDA11 /* Frameworks */,
				D35C02AE1F8EAD3700ACDA11 /* Resources */,
			);
			buildRules = (
			);
			dependencies = (
			);
			name = "unit 4 review";
			productName = "unit 4 review";
			productReference = D35C02B01F8EAD3700ACDA11 /* unit 4 review.app */;
			productType = "com.apple.product-type.application";
		};
/* End PBXNativeTarget section */

/* Begin PBXProject section */
		D35C02A81F8EAD3700ACDA11 /* Project object */ = {
			isa = PBXProject;
			attributes = {
				LastSwiftUpdateCheck = 0900;
				LastUpgradeCheck = 0900;
				ORGANIZATIONNAME = "Brian Licea";
				TargetAttributes = {
					D35C02AF1F8EAD3700ACDA11 = {
						CreatedOnToolsVersion = 9.0;
						ProvisioningStyle = Automatic;
						SystemCapabilities = {
							com.apple.Push = {
								enabled = 1;
							};
							com.apple.iCloud = {
								enabled = 1;
							};
						};
					};
				};
			};
			buildConfigurationList = D35C02AB1F8EAD3700ACDA11 /* Build configuration list for PBXProject "unit 4 review" */;
			compatibilityVersion = "Xcode 8.0";
			developmentRegion = en;
			hasScannedForEncodings = 0;
			knownRegions = (
				en,
				Base,
			);
			mainGroup = D35C02A71F8EAD3700ACDA11;
			productRefGroup = D35C02B11F8EAD3700ACDA11 /* Products */;
			projectDirPath = "";
			projectRoot = "";
			targets = (
				D35C02AF1F8EAD3700ACDA11 /* unit 4 review */,
			);
		};
/* End PBXProject section */

/* Begin PBXResourcesBuildPhase section */
		D35C02AE1F8EAD3700ACDA11 /* Resources */ = {
			isa = PBXResourcesBuildPhase;
			buildActionMask = 2147483647;
			files = (
				D35C02BE1F8EAD3700ACDA11 /* LaunchScreen.storyboard in Resources */,
				D35C02BB1F8EAD3700ACDA11 /* Assets.xcassets in Resources */,
				D35C02B91F8EAD3700ACDA11 /* Main.storyboard in Resources */,
			);
			runOnlyForDeploymentPostprocessing = 0;
		};
/* End PBXResourcesBuildPhase section */

/* Begin PBXSourcesBuildPhase section */
		D35C02AC1F8EAD3700ACDA11 /* Sources */ = {
			isa = PBXSourcesBuildPhase;
			buildActionMask = 2147483647;
			files = (
				D35C02B41F8EAD3700ACDA11 /* AppDelegate.swift in Sources */,
				D35C02C81F8EB12500ACDA11 /* Keys.swift in Sources */,
				D35C02D91F8EC5C600ACDA11 /* ContactController.swift in Sources */,
				D35C02CA1F8EB13900ACDA11 /* Contact.swift in Sources */,
				D35C02DB1F8EC64100ACDA11 /* CloudKitManager.swift in Sources */,
				D35C03081F9005B700ACDA11 /* ContactsViewController.swift in Sources */,
				D35C030A1F9005D100ACDA11 /* ContactsTableViewController.swift in Sources */,
			);
			runOnlyForDeploymentPostprocessing = 0;
		};
/* End PBXSourcesBuildPhase section */

/* Begin PBXVariantGroup section */
		D35C02B71F8EAD3700ACDA11 /* Main.storyboard */ = {
			isa = PBXVariantGroup;
			children = (
				D35C02B81F8EAD3700ACDA11 /* Base */,
			);
			name = Main.storyboard;
			sourceTree = "<group>";
		};
		D35C02BC1F8EAD3700ACDA11 /* LaunchScreen.storyboard */ = {
			isa = PBXVariantGroup;
			children = (
				D35C02BD1F8EAD3700ACDA11 /* Base */,
			);
			name = LaunchScreen.storyboard;
			sourceTree = "<group>";
		};
/* End PBXVariantGroup section */

/* Begin XCBuildConfiguration section */
		D35C02C01F8EAD3700ACDA11 /* Debug */ = {
			isa = XCBuildConfiguration;
			buildSettings = {
				ALWAYS_SEARCH_USER_PATHS = NO;
				CLANG_ANALYZER_NONNULL = YES;
				CLANG_ANALYZER_NUMBER_OBJECT_CONVERSION = YES_AGGRESSIVE;
				CLANG_CXX_LANGUAGE_STANDARD = "gnu++14";
				CLANG_CXX_LIBRARY = "libc++";
				CLANG_ENABLE_MODULES = YES;
				CLANG_ENABLE_OBJC_ARC = YES;
				CLANG_WARN_BLOCK_CAPTURE_AUTORELEASING = YES;
				CLANG_WARN_BOOL_CONVERSION = YES;
				CLANG_WARN_COMMA = YES;
				CLANG_WARN_CONSTANT_CONVERSION = YES;
				CLANG_WARN_DIRECT_OBJC_ISA_USAGE = YES_ERROR;
				CLANG_WARN_DOCUMENTATION_COMMENTS = YES;
				CLANG_WARN_EMPTY_BODY = YES;
				CLANG_WARN_ENUM_CONVERSION = YES;
				CLANG_WARN_INFINITE_RECURSION = YES;
				CLANG_WARN_INT_CONVERSION = YES;
				CLANG_WARN_NON_LITERAL_NULL_CONVERSION = YES;
				CLANG_WARN_OBJC_LITERAL_CONVERSION = YES;
				CLANG_WARN_OBJC_ROOT_CLASS = YES_ERROR;
				CLANG_WARN_RANGE_LOOP_ANALYSIS = YES;
				CLANG_WARN_STRICT_PROTOTYPES = YES;
				CLANG_WARN_SUSPICIOUS_MOVE = YES;
				CLANG_WARN_UNGUARDED_AVAILABILITY = YES_AGGRESSIVE;
				CLANG_WARN_UNREACHABLE_CODE = YES;
				CLANG_WARN__DUPLICATE_METHOD_MATCH = YES;
				CODE_SIGN_IDENTITY = "iPhone Developer";
				COPY_PHASE_STRIP = NO;
				DEBUG_INFORMATION_FORMAT = dwarf;
				ENABLE_STRICT_OBJC_MSGSEND = YES;
				ENABLE_TESTABILITY = YES;
				GCC_C_LANGUAGE_STANDARD = gnu11;
				GCC_DYNAMIC_NO_PIC = NO;
				GCC_NO_COMMON_BLOCKS = YES;
				GCC_OPTIMIZATION_LEVEL = 0;
				GCC_PREPROCESSOR_DEFINITIONS = (
					"DEBUG=1",
					"$(inherited)",
				);
				GCC_WARN_64_TO_32_BIT_CONVERSION = YES;
				GCC_WARN_ABOUT_RETURN_TYPE = YES_ERROR;
				GCC_WARN_UNDECLARED_SELECTOR = YES;
				GCC_WARN_UNINITIALIZED_AUTOS = YES_AGGRESSIVE;
				GCC_WARN_UNUSED_FUNCTION = YES;
				GCC_WARN_UNUSED_VARIABLE = YES;
				IPHONEOS_DEPLOYMENT_TARGET = 11.0;
				MTL_ENABLE_DEBUG_INFO = YES;
				ONLY_ACTIVE_ARCH = YES;
				SDKROOT = iphoneos;
				SWIFT_ACTIVE_COMPILATION_CONDITIONS = DEBUG;
				SWIFT_OPTIMIZATION_LEVEL = "-Onone";
			};
			name = Debug;
		};
		D35C02C11F8EAD3700ACDA11 /* Release */ = {
			isa = XCBuildConfiguration;
			buildSettings = {
				ALWAYS_SEARCH_USER_PATHS = NO;
				CLANG_ANALYZER_NONNULL = YES;
				CLANG_ANALYZER_NUMBER_OBJECT_CONVERSION = YES_AGGRESSIVE;
				CLANG_CXX_LANGUAGE_STANDARD = "gnu++14";
				CLANG_CXX_LIBRARY = "libc++";
				CLANG_ENABLE_MODULES = YES;
				CLANG_ENABLE_OBJC_ARC = YES;
				CLANG_WARN_BLOCK_CAPTURE_AUTORELEASING = YES;
				CLANG_WARN_BOOL_CONVERSION = YES;
				CLANG_WARN_COMMA = YES;
				CLANG_WARN_CONSTANT_CONVERSION = YES;
				CLANG_WARN_DIRECT_OBJC_ISA_USAGE = YES_ERROR;
				CLANG_WARN_DOCUMENTATION_COMMENTS = YES;
				CLANG_WARN_EMPTY_BODY = YES;
				CLANG_WARN_ENUM_CONVERSION = YES;
				CLANG_WARN_INFINITE_RECURSION = YES;
				CLANG_WARN_INT_CONVERSION = YES;
				CLANG_WARN_NON_LITERAL_NULL_CONVERSION = YES;
				CLANG_WARN_OBJC_LITERAL_CONVERSION = YES;
				CLANG_WARN_OBJC_ROOT_CLASS = YES_ERROR;
				CLANG_WARN_RANGE_LOOP_ANALYSIS = YES;
				CLANG_WARN_STRICT_PROTOTYPES = YES;
				CLANG_WARN_SUSPICIOUS_MOVE = YES;
				CLANG_WARN_UNGUARDED_AVAILABILITY = YES_AGGRESSIVE;
				CLANG_WARN_UNREACHABLE_CODE = YES;
				CLANG_WARN__DUPLICATE_METHOD_MATCH = YES;
				CODE_SIGN_IDENTITY = "iPhone Developer";
				COPY_PHASE_STRIP = NO;
				DEBUG_INFORMATION_FORMAT = "dwarf-with-dsym";
				ENABLE_NS_ASSERTIONS = NO;
				ENABLE_STRICT_OBJC_MSGSEND = YES;
				GCC_C_LANGUAGE_STANDARD = gnu11;
				GCC_NO_COMMON_BLOCKS = YES;
				GCC_WARN_64_TO_32_BIT_CONVERSION = YES;
				GCC_WARN_ABOUT_RETURN_TYPE = YES_ERROR;
				GCC_WARN_UNDECLARED_SELECTOR = YES;
				GCC_WARN_UNINITIALIZED_AUTOS = YES_AGGRESSIVE;
				GCC_WARN_UNUSED_FUNCTION = YES;
				GCC_WARN_UNUSED_VARIABLE = YES;
				IPHONEOS_DEPLOYMENT_TARGET = 11.0;
				MTL_ENABLE_DEBUG_INFO = NO;
				SDKROOT = iphoneos;
				SWIFT_OPTIMIZATION_LEVEL = "-Owholemodule";
				VALIDATE_PRODUCT = YES;
			};
			name = Release;
		};
		D35C02C31F8EAD3700ACDA11 /* Debug */ = {
			isa = XCBuildConfiguration;
			buildSettings = {
				ASSETCATALOG_COMPILER_APPICON_NAME = AppIcon;
				CODE_SIGN_ENTITLEMENTS = "unit 4 review/unit 4 review.entitlements";
				CODE_SIGN_STYLE = Automatic;
				DEVELOPMENT_TEAM = 27CK957U72;
				INFOPLIST_FILE = "unit 4 review/Info.plist";
				LD_RUNPATH_SEARCH_PATHS = "$(inherited) @executable_path/Frameworks";
				PRODUCT_BUNDLE_IDENTIFIER = "com.BrainLicea.unit-4-review";
				PRODUCT_NAME = "$(TARGET_NAME)";
				SWIFT_VERSION = 4.0;
				TARGETED_DEVICE_FAMILY = "1,2";
			};
			name = Debug;
		};
		D35C02C41F8EAD3700ACDA11 /* Release */ = {
			isa = XCBuildConfiguration;
			buildSettings = {
				ASSETCATALOG_COMPILER_APPICON_NAME = AppIcon;
				CODE_SIGN_ENTITLEMENTS = "unit 4 review/unit 4 review.entitlements";
				CODE_SIGN_STYLE = Automatic;
				DEVELOPMENT_TEAM = 27CK957U72;
				INFOPLIST_FILE = "unit 4 review/Info.plist";
				LD_RUNPATH_SEARCH_PATHS = "$(inherited) @executable_path/Frameworks";
				PRODUCT_BUNDLE_IDENTIFIER = "com.BrainLicea.unit-4-review";
				PRODUCT_NAME = "$(TARGET_NAME)";
				SWIFT_VERSION = 4.0;
				TARGETED_DEVICE_FAMILY = "1,2";
			};
			name = Release;
		};
/* End XCBuildConfiguration section */

/* Begin XCConfigurationList section */
		D35C02AB1F8EAD3700ACDA11 /* Build configuration list for PBXProject "unit 4 review" */ = {
			isa = XCConfigurationList;
			buildConfigurations = (
				D35C02C01F8EAD3700ACDA11 /* Debug */,
				D35C02C11F8EAD3700ACDA11 /* Release */,
			);
			defaultConfigurationIsVisible = 0;
			defaultConfigurationName = Release;
		};
		D35C02C21F8EAD3700ACDA11 /* Build configuration list for PBXNativeTarget "unit 4 review" */ = {
			isa = XCConfigurationList;
			buildConfigurations = (
				D35C02C31F8EAD3700ACDA11 /* Debug */,
				D35C02C41F8EAD3700ACDA11 /* Release */,
			);
			defaultConfigurationIsVisible = 0;
			defaultConfigurationName = Release;
		};
/* End XCConfigurationList section */
	};
	rootObject = D35C02A81F8EAD3700ACDA11 /* Project object */;
}
